
Microsoft Visual Studio Solution File, Format Version 12.00
# Visual Studio Version 17
VisualStudioVersion = 17.14.36221.1
MinimumVisualStudioVersion = 10.0.40219.1
Project("{2150E333-8FDC-42A3-9474-1A3956D46DE8}") = "Services", "Services", "{02EA681E-C7D8-13C7-8484-4AC65E1B71E8}"
EndProject
Project("{2150E333-8FDC-42A3-9474-1A3956D46DE8}") = "BuildingBlocks", "BuildingBlocks", "{A338AC51-3483-4382-8722-C86DC8AB6D2A}"
EndProject
Project("{2150E333-8FDC-42A3-9474-1A3956D46DE8}") = "Catalog", "Catalog", "{67F9F911-6DC4-4733-8C95-2B86E8839738}"
EndProject
Project("{FAE04EC0-301F-11D3-BF4B-00C04F79EFBC}") = "Catalog.API", "src\Catalog.API\Catalog.API.csproj", "{2C525073-5FA2-40C3-8B5F-5CAF74E9A18F}"
EndProject
Project("{FAE04EC0-301F-11D3-BF4B-00C04F79EFBC}") = "BuildingBlocks", "src\BuildingBlocks\BuildingBlocks\BuildingBlocks.csproj", "{10F2B7C5-1768-4CDE-8D09-90935638AD87}"
EndProject
Project("{E53339B2-1760-4266-BCC7-CA923CBCF16C}") = "docker-compose", "docker-compose.dcproj", "{81DDED9D-158B-E303-5F62-77A2896D2A5A}"
EndProject
Project("{2150E333-8FDC-42A3-9474-1A3956D46DE8}") = "Basket", "Basket", "{7972E181-BF26-4189-B033-09036751E7CC}"
EndProject
Project("{FAE04EC0-301F-11D3-BF4B-00C04F79EFBC}") = "Basket.API", "..\Basket.API\Basket.API.csproj", "{897F46E7-C4AD-4F83-8911-0F0C51CBC5CC}"
EndProject
Global
	GlobalSection(SolutionConfigurationPlatforms) = preSolution
		Debug|Any CPU = Debug|Any CPU
		Debug|x64 = Debug|x64
		Debug|x86 = Debug|x86
		Release|Any CPU = Release|Any CPU
		Release|x64 = Release|x64
		Release|x86 = Release|x86
	EndGlobalSection
	GlobalSection(ProjectConfigurationPlatforms) = postSolution
		{2C525073-5FA2-40C3-8B5F-5CAF74E9A18F}.Debug|Any CPU.ActiveCfg = Debug|Any CPU
		{2C525073-5FA2-40C3-8B5F-5CAF74E9A18F}.Debug|Any CPU.Build.0 = Debug|Any CPU
		{2C525073-5FA2-40C3-8B5F-5CAF74E9A18F}.Debug|x64.ActiveCfg = Debug|Any CPU
		{2C525073-5FA2-40C3-8B5F-5CAF74E9A18F}.Debug|x64.Build.0 = Debug|Any CPU
		{2C525073-5FA2-40C3-8B5F-5CAF74E9A18F}.Debug|x86.ActiveCfg = Debug|Any CPU
		{2C525073-5FA2-40C3-8B5F-5CAF74E9A18F}.Debug|x86.Build.0 = Debug|Any CPU
		{2C525073-5FA2-40C3-8B5F-5CAF74E9A18F}.Release|Any CPU.ActiveCfg = Release|Any CPU
		{2C525073-5FA2-40C3-8B5F-5CAF74E9A18F}.Release|Any CPU.Build.0 = Release|Any CPU
		{2C525073-5FA2-40C3-8B5F-5CAF74E9A18F}.Release|x64.ActiveCfg = Release|Any CPU
		{2C525073-5FA2-40C3-8B5F-5CAF74E9A18F}.Release|x64.Build.0 = Release|Any CPU
		{2C525073-5FA2-40C3-8B5F-5CAF74E9A18F}.Release|x86.ActiveCfg = Release|Any CPU
		{2C525073-5FA2-40C3-8B5F-5CAF74E9A18F}.Release|x86.Build.0 = Release|Any CPU
		{10F2B7C5-1768-4CDE-8D09-90935638AD87}.Debug|Any CPU.ActiveCfg = Debug|Any CPU
		{10F2B7C5-1768-4CDE-8D09-90935638AD87}.Debug|Any CPU.Build.0 = Debug|Any CPU
		{10F2B7C5-1768-4CDE-8D09-90935638AD87}.Debug|x64.ActiveCfg = Debug|Any CPU
		{10F2B7C5-1768-4CDE-8D09-90935638AD87}.Debug|x64.Build.0 = Debug|Any CPU
		{10F2B7C5-1768-4CDE-8D09-90935638AD87}.Debug|x86.ActiveCfg = Debug|Any CPU
		{10F2B7C5-1768-4CDE-8D09-90935638AD87}.Debug|x86.Build.0 = Debug|Any CPU
		{10F2B7C5-1768-4CDE-8D09-90935638AD87}.Release|Any CPU.ActiveCfg = Release|Any CPU
		{10F2B7C5-1768-4CDE-8D09-90935638AD87}.Release|Any CPU.Build.0 = Release|Any CPU
		{10F2B7C5-1768-4CDE-8D09-90935638AD87}.Release|x64.ActiveCfg = Release|Any CPU
		{10F2B7C5-1768-4CDE-8D09-90935638AD87}.Release|x64.Build.0 = Release|Any CPU
		{10F2B7C5-1768-4CDE-8D09-90935638AD87}.Release|x86.ActiveCfg = Release|Any CPU
		{10F2B7C5-1768-4CDE-8D09-90935638AD87}.Release|x86.Build.0 = Release|Any CPU
		{81DDED9D-158B-E303-5F62-77A2896D2A5A}.Debug|Any CPU.ActiveCfg = Debug|Any CPU
		{81DDED9D-158B-E303-5F62-77A2896D2A5A}.Debug|Any CPU.Build.0 = Debug|Any CPU
		{81DDED9D-158B-E303-5F62-77A2896D2A5A}.Debug|x64.ActiveCfg = Debug|x64
		{81DDED9D-158B-E303-5F62-77A2896D2A5A}.Debug|x86.ActiveCfg = Debug|x86
		{81DDED9D-158B-E303-5F62-77A2896D2A5A}.Release|Any CPU.ActiveCfg = Release|Any CPU
		{81DDED9D-158B-E303-5F62-77A2896D2A5A}.Release|Any CPU.Build.0 = Release|Any CPU
		{81DDED9D-158B-E303-5F62-77A2896D2A5A}.Release|x64.ActiveCfg = Release|x64
		{81DDED9D-158B-E303-5F62-77A2896D2A5A}.Release|x86.ActiveCfg = Release|x86
		{897F46E7-C4AD-4F83-8911-0F0C51CBC5CC}.Debug|Any CPU.ActiveCfg = Debug|Any CPU
		{897F46E7-C4AD-4F83-8911-0F0C51CBC5CC}.Debug|Any CPU.Build.0 = Debug|Any CPU
		{897F46E7-C4AD-4F83-8911-0F0C51CBC5CC}.Debug|x64.ActiveCfg = Debug|Any CPU
		{897F46E7-C4AD-4F83-8911-0F0C51CBC5CC}.Debug|x64.Build.0 = Debug|Any CPU
		{897F46E7-C4AD-4F83-8911-0F0C51CBC5CC}.Debug|x86.ActiveCfg = Debug|Any CPU
		{897F46E7-C4AD-4F83-8911-0F0C51CBC5CC}.Debug|x86.Build.0 = Debug|Any CPU
		{897F46E7-C4AD-4F83-8911-0F0C51CBC5CC}.Release|Any CPU.ActiveCfg = Release|Any CPU
		{897F46E7-C4AD-4F83-8911-0F0C51CBC5CC}.Release|Any CPU.Build.0 = Release|Any CPU
		{897F46E7-C4AD-4F83-8911-0F0C51CBC5CC}.Release|x64.ActiveCfg = Release|Any CPU
		{897F46E7-C4AD-4F83-8911-0F0C51CBC5CC}.Release|x64.Build.0 = Release|Any CPU
		{897F46E7-C4AD-4F83-8911-0F0C51CBC5CC}.Release|x86.ActiveCfg = Release|Any CPU
		{897F46E7-C4AD-4F83-8911-0F0C51CBC5CC}.Release|x86.Build.0 = Release|Any CPU
	EndGlobalSection
	GlobalSection(SolutionProperties) = preSolution
		HideSolutionNode = FALSE
	EndGlobalSection
	GlobalSection(NestedProjects) = preSolution
		{67F9F911-6DC4-4733-8C95-2B86E8839738} = {02EA681E-C7D8-13C7-8484-4AC65E1B71E8}
		{2C525073-5FA2-40C3-8B5F-5CAF74E9A18F} = {67F9F911-6DC4-4733-8C95-2B86E8839738}
		{10F2B7C5-1768-4CDE-8D09-90935638AD87} = {A338AC51-3483-4382-8722-C86DC8AB6D2A}
		{7972E181-BF26-4189-B033-09036751E7CC} = {02EA681E-C7D8-13C7-8484-4AC65E1B71E8}
		{897F46E7-C4AD-4F83-8911-0F0C51CBC5CC} = {7972E181-BF26-4189-B033-09036751E7CC}
	EndGlobalSection
	GlobalSection(ExtensibilityGlobals) = postSolution
		SolutionGuid = {6505E4B5-BA5B-45FA-B2F9-E2322BE41697}
	EndGlobalSection
EndGlobal
